
Microsoft Visual Studio Solution File, Format Version 12.00
# Visual Studio Version 16
VisualStudioVersion = 16.0.30114.105
MinimumVisualStudioVersion = 10.0.40219.1
Project("{F2A71F9B-5D33-465A-A702-920D77279786}") = "WASMMudBlazor", "WASMMudBlazor\WASMMudBlazor.fsproj", "{B89EE7CC-A1BB-4171-982F-29445496FFCB}"
EndProject
Project("{F2A71F9B-5D33-465A-A702-920D77279786}") = "WASMMudBlazor.Controls", "WASMMudBlazor.Controls\WASMMudBlazor.Controls.fsproj", "{935C17D4-A029-4624-AA20-CDE8F9B7E1E3}"
EndProject
Global
	GlobalSection(SolutionConfigurationPlatforms) = preSolution
		Debug|Any CPU = Debug|Any CPU
		Release|Any CPU = Release|Any CPU
	EndGlobalSection
	GlobalSection(SolutionProperties) = preSolution
		HideSolutionNode = FALSE
	EndGlobalSection
	GlobalSection(ProjectConfigurationPlatforms) = postSolution
		{B89EE7CC-A1BB-4171-982F-29445496FFCB}.Debug|Any CPU.ActiveCfg = Debug|Any CPU
		{B89EE7CC-A1BB-4171-982F-29445496FFCB}.Debug|Any CPU.Build.0 = Debug|Any CPU
		{B89EE7CC-A1BB-4171-982F-29445496FFCB}.Release|Any CPU.ActiveCfg = Release|Any CPU
		{B89EE7CC-A1BB-4171-982F-29445496FFCB}.Release|Any CPU.Build.0 = Release|Any CPU
		{935C17D4-A029-4624-AA20-CDE8F9B7E1E3}.Debug|Any CPU.ActiveCfg = Debug|Any CPU
		{935C17D4-A029-4624-AA20-CDE8F9B7E1E3}.Debug|Any CPU.Build.0 = Debug|Any CPU
		{935C17D4-A029-4624-AA20-CDE8F9B7E1E3}.Release|Any CPU.ActiveCfg = Release|Any CPU
		{935C17D4-A029-4624-AA20-CDE8F9B7E1E3}.Release|Any CPU.Build.0 = Release|Any CPU
	EndGlobalSection
EndGlobal
