
Microsoft Visual Studio Solution File, Format Version 12.00
# Visual Studio Version 16
VisualStudioVersion = 16.0.30114.105
MinimumVisualStudioVersion = 10.0.40219.1
Project("{F2A71F9B-5D33-465A-A702-920D77279786}") = "BlazorWASMAppWithShoelace", "BlazorWASMAppWithShoelace\BlazorWASMAppWithShoelace.fsproj", "{A23C12BD-491C-41FF-B5CC-6E318E08ACD3}"
EndProject
Project("{F2A71F9B-5D33-465A-A702-920D77279786}") = "BlazorWASMAppWithShoelace.Server", "BlazorWASMAppWithShoelace.Server\BlazorWASMAppWithShoelace.Server.fsproj", "{5A75D876-227D-473F-94C4-AD1A8874239E}"
EndProject
Global
	GlobalSection(SolutionConfigurationPlatforms) = preSolution
		Debug|Any CPU = Debug|Any CPU
		Release|Any CPU = Release|Any CPU
	EndGlobalSection
	GlobalSection(SolutionProperties) = preSolution
		HideSolutionNode = FALSE
	EndGlobalSection
	GlobalSection(ProjectConfigurationPlatforms) = postSolution
		{A23C12BD-491C-41FF-B5CC-6E318E08ACD3}.Debug|Any CPU.ActiveCfg = Debug|Any CPU
		{A23C12BD-491C-41FF-B5CC-6E318E08ACD3}.Debug|Any CPU.Build.0 = Debug|Any CPU
		{A23C12BD-491C-41FF-B5CC-6E318E08ACD3}.Release|Any CPU.ActiveCfg = Release|Any CPU
		{A23C12BD-491C-41FF-B5CC-6E318E08ACD3}.Release|Any CPU.Build.0 = Release|Any CPU
		{5A75D876-227D-473F-94C4-AD1A8874239E}.Debug|Any CPU.ActiveCfg = Debug|Any CPU
		{5A75D876-227D-473F-94C4-AD1A8874239E}.Debug|Any CPU.Build.0 = Debug|Any CPU
		{5A75D876-227D-473F-94C4-AD1A8874239E}.Release|Any CPU.ActiveCfg = Release|Any CPU
		{5A75D876-227D-473F-94C4-AD1A8874239E}.Release|Any CPU.Build.0 = Release|Any CPU
	EndGlobalSection
EndGlobal
